
Microsoft Visual Studio Solution File, Format Version 12.00
# Visual Studio Version 17
VisualStudioVersion = 17.7.34031.279
MinimumVisualStudioVersion = 10.0.40219.1
Project("{FAE04EC0-301F-11D3-BF4B-00C04F79EFBC}") = "Lopushok", "Lopushok\Lopushok.csproj", "{723E1ED2-9BE1-4BD1-A8A0-A18C0E467EB7}"
EndProject
Global
	GlobalSection(SolutionConfigurationPlatforms) = preSolution
		Debug|Any CPU = Debug|Any CPU
		Release|Any CPU = Release|Any CPU
	EndGlobalSection
	GlobalSection(ProjectConfigurationPlatforms) = postSolution
		{723E1ED2-9BE1-4BD1-A8A0-A18C0E467EB7}.Debug|Any CPU.ActiveCfg = Debug|Any CPU
		{723E1ED2-9BE1-4BD1-A8A0-A18C0E467EB7}.Debug|Any CPU.Build.0 = Debug|Any CPU
		{723E1ED2-9BE1-4BD1-A8A0-A18C0E467EB7}.Release|Any CPU.ActiveCfg = Release|Any CPU
		{723E1ED2-9BE1-4BD1-A8A0-A18C0E467EB7}.Release|Any CPU.Build.0 = Release|Any CPU
	EndGlobalSection
	GlobalSection(SolutionProperties) = preSolution
		HideSolutionNode = FALSE
	EndGlobalSection
	GlobalSection(ExtensibilityGlobals) = postSolution
		SolutionGuid = {BBB63161-8A38-4C38-BE16-A8DD1F7C81C7}
	EndGlobalSection
EndGlobal
